[{<<"cowboy">>,
  {git,"https://github.com/ninenines/cowboy.git",
       {ref,"d08c2ab39d38c181abda279d5c2cadfac33a50c1"}},
  0},
 {<<"cowlib">>,
  {git,"https://github.com/ninenines/cowlib.git",
       {ref,"d544a494af4dbc810fc9c15eaf5cc050cced1501"}},
  1},
 {<<"goldrush">>,
  {git,"https://github.com/basho/goldrush.git",
       {ref,"8f1b715d36b650ec1e1f5612c00e28af6ab0de82"}},
  1},
 {<<"hex">>,
  {git,"git://github.com/b/hex",
       {ref,"967f059ea49e45b7d0d82e2e1177ef860f5ec4bd"}},
  0},
 {<<"jiffy">>,
  {git,"https://github.com/davisp/jiffy.git",
       {ref,"ee8b48cb448a999e1fddbb5e2e32e7dfe33acf5c"}},
  0},
 {<<"jsx">>,
  {git,"git://github.com/talentdeficit/jsx.git",
       {ref,"d011411c23e9f8c29d98aa1b7a50ddf9709b6a60"}},
  0},
 {<<"lager">>,
  {git,"git://github.com/basho/lager.git",
       {ref,"81eaef0ce98fdbf64ab95665e3bc2ec4b24c7dac"}},
  0},
 {<<"ranch">>,
  {git,"https://github.com/ninenines/ranch.git",
       {ref,"adf1822defc2b7cfdc7aca112adabfa1d614043c"}},
  1},
 {<<"sha3">>,
  {git,"https://github.com/b/sha3.git",
       {ref,"3acde27713f4b028136556e51a95f0146a691f1b"}},
  0}].
